
Microsoft Visual Studio Solution File, Format Version 12.00
# Visual Studio Version 17
VisualStudioVersion = 17.13.35931.197
MinimumVisualStudioVersion = 10.0.40219.1
Project("{FAE04EC0-301F-11D3-BF4B-00C04F79EFBC}") = "DVLD-Project", "DVLD-Project.csproj", "{B3B9DC77-FD7C-423B-8137-4A9ADAC1F261}"
EndProject
Project("{FAE04EC0-301F-11D3-BF4B-00C04F79EFBC}") = "DVLD_Business", "..\DVLD_Business\DVLD_Business.csproj", "{2D27A41D-01B6-4B59-93E2-4FF4298A755B}"
EndProject
Project("{FAE04EC0-301F-11D3-BF4B-00C04F79EFBC}") = "DVLD_DataAccess", "..\DVLD_DataAccess\DVLD_DataAccess.csproj", "{EEB1290B-021E-4694-80F9-F4DD0A359525}"
EndProject
Global
	GlobalSection(SolutionConfigurationPlatforms) = preSolution
		Debug|Any CPU = Debug|Any CPU
		Release|Any CPU = Release|Any CPU
	EndGlobalSection
	GlobalSection(ProjectConfigurationPlatforms) = postSolution
		{B3B9DC77-FD7C-423B-8137-4A9ADAC1F261}.Debug|Any CPU.ActiveCfg = Debug|Any CPU
		{B3B9DC77-FD7C-423B-8137-4A9ADAC1F261}.Debug|Any CPU.Build.0 = Debug|Any CPU
		{B3B9DC77-FD7C-423B-8137-4A9ADAC1F261}.Release|Any CPU.ActiveCfg = Release|Any CPU
		{B3B9DC77-FD7C-423B-8137-4A9ADAC1F261}.Release|Any CPU.Build.0 = Release|Any CPU
		{2D27A41D-01B6-4B59-93E2-4FF4298A755B}.Debug|Any CPU.ActiveCfg = Debug|Any CPU
		{2D27A41D-01B6-4B59-93E2-4FF4298A755B}.Debug|Any CPU.Build.0 = Debug|Any CPU
		{2D27A41D-01B6-4B59-93E2-4FF4298A755B}.Release|Any CPU.ActiveCfg = Release|Any CPU
		{2D27A41D-01B6-4B59-93E2-4FF4298A755B}.Release|Any CPU.Build.0 = Release|Any CPU
		{EEB1290B-021E-4694-80F9-F4DD0A359525}.Debug|Any CPU.ActiveCfg = Debug|Any CPU
		{EEB1290B-021E-4694-80F9-F4DD0A359525}.Debug|Any CPU.Build.0 = Debug|Any CPU
		{EEB1290B-021E-4694-80F9-F4DD0A359525}.Release|Any CPU.ActiveCfg = Release|Any CPU
		{EEB1290B-021E-4694-80F9-F4DD0A359525}.Release|Any CPU.Build.0 = Release|Any CPU
	EndGlobalSection
	GlobalSection(SolutionProperties) = preSolution
		HideSolutionNode = FALSE
	EndGlobalSection
	GlobalSection(ExtensibilityGlobals) = postSolution
		SolutionGuid = {33BC850A-5176-46EC-A2F2-9F1658FB4457}
	EndGlobalSection
EndGlobal
